# THIS IS AN AUTOGENERATED FILE. DO NOT EDIT THIS FILE DIRECTLY.
# yarn lockfile v1


hello-world-npm@^1.1.1:
  version "1.1.1"
  resolved "https://registry.yarnpkg.com/hello-world-npm/-/hello-world-npm-1.1.1.tgz#250830ef0008b437ed93e6be599934b9ad0b9308"
  integrity sha1-JQgw7wAItDftk+a+WZk0ua0Lkwg=
