# THIS IS AN AUTOGENERATED FILE. DO NOT EDIT THIS FILE DIRECTLY.
# yarn lockfile v1


bat-draft-js-mention-plugin@^2.0.1:
  version "2.0.1"
  resolved "https://registry.yarnpkg.com/bat-draft-js-mention-plugin/-/bat-draft-js-mention-plugin-2.0.1.tgz#65c23883f6a919a9cda5836bd9e65c06b38b341b"
  integrity sha512-OF9nzSkHWA6HAEfbIT3a2IjaYQginN1W+02eCkA3RMEsjejNYOUd5WXn7GfOZRAr7JXz+MHzAZ8VKgXkxyJSoA==
  dependencies:
    decorate-component-with-props "^1.0.2"
    find-with-regex "^1.0.2"
    immutable "~3.7.4"
    lodash.escaperegexp "^4.1.2"
    prop-types "^15.5.8"
    union-class-names "^1.0.0"

decorate-component-with-props@^1.0.2:
  version "1.2.1"
  resolved "https://registry.yarnpkg.com/decorate-component-with-props/-/decorate-component-with-props-1.2.1.tgz#4ae4422661a4e6d525c5d66b89293da03dc74e03"
  integrity sha512-X2hZBnVHZAZQHG+g3Ce97SBtog1Vglzg7sPNbUY5XKmmgd3NVAiOHviw9hd7GOJIDrQ1slfwsmkbKQxESWFy7Q==

find-with-regex@^1.0.2:
  version "1.1.3"
  resolved "https://registry.yarnpkg.com/find-with-regex/-/find-with-regex-1.1.3.tgz#d6c6f2debee898d36b6a77e05709b13dd5dc8a26"
  integrity sha512-zkEVQ1H3PIQL/19ADKt1lCQU4QGM3OneiderUcFgn5EgTm/TnoUh7HxPAwP8w/vXxWSLC6KtpbDQpypJ5+majw==

fuzzysearch-highlight@^1.0.3:
  version "1.0.3"
  resolved "https://registry.yarnpkg.com/fuzzysearch-highlight/-/fuzzysearch-highlight-1.0.3.tgz#d4012f9f8e0778914b6b292b2c074301faa70b55"
  integrity sha512-ZnMrUqkiOXTbsWWm3mXqwLC/042+yaBdCSgXCaKq0C66EKTbg4P6j+aE++Myx5PZiq7n/3R/cPMBt84dM2mXog==

immutable@~3.7.4:
  version "3.7.6"
  resolved "https://registry.yarnpkg.com/immutable/-/immutable-3.7.6.tgz#13b4d3cb12befa15482a26fe1b2ebae640071e4b"
  integrity sha512-AizQPcaofEtO11RZhPPHBOJRdo/20MKQF9mBLnVkBoyHi1/zXK8fzVdnEpSV9gxqtnh6Qomfp3F0xT5qP/vThw==

"js-tokens@^3.0.0 || ^4.0.0":
  version "4.0.0"
  resolved "https://registry.yarnpkg.com/js-tokens/-/js-tokens-4.0.0.tgz#19203fb59991df98e3a287050d4647cdeaf32499"
  integrity sha512-RdJUflcE3cUzKiMqQgsCu06FPu9UdIJO0beYbPhHN4k6apgJtifcoCtT9bcxOpYBtpD2kCM6Sbzg4CausW/PKQ==

lodash.escaperegexp@^4.1.2:
  version "4.1.2"
  resolved "https://registry.yarnpkg.com/lodash.escaperegexp/-/lodash.escaperegexp-4.1.2.tgz#64762c48618082518ac3df4ccf5d5886dae20347"
  integrity sha512-TM9YBvyC84ZxE3rgfefxUWiQKLilstD6k7PTGt6wfbtXF8ixIJLOL3VYyV/z+ZiPLsVxAsKAFVwWlWeb2Y8Yyw==

loose-envify@^1.4.0:
  version "1.4.0"
  resolved "https://registry.yarnpkg.com/loose-envify/-/loose-envify-1.4.0.tgz#71ee51fa7be4caec1a63839f7e682d8132d30caf"
  integrity sha512-lyuxPGr/Wfhrlem2CL/UcnUc1zcqKAImBDzukY7Y5F/yQiNdko6+fRLevlw1HgMySw7f611UIY408EtxRSoK3Q==
  dependencies:
    js-tokens "^3.0.0 || ^4.0.0"

object-assign@^4.1.1:
  version "4.1.1"
  resolved "https://registry.yarnpkg.com/object-assign/-/object-assign-4.1.1.tgz#2109adc7965887cfc05cbbd442cac8bfbb360863"
  integrity sha512-rJgTQnkUnH1sFw8yT6VSU3zD3sWmu6sZhIseY8VX+GRu3P6F7Fu+JNDoXfklElbLJSnc3FUQHVe4cU5hj+BcUg==

prop-types@^15.5.8:
  version "15.8.1"
  resolved "https://registry.yarnpkg.com/prop-types/-/prop-types-15.8.1.tgz#67d87bf1a694f48435cf332c24af10214a3140b5"
  integrity sha512-oj87CgZICdulUohogVAR7AjlC0327U4el4L6eAvOqCeudMDVU0NThNaV+b9Df4dXgSP1gXMTnPdhfe/2qDH5cg==
  dependencies:
    loose-envify "^1.4.0"
    object-assign "^4.1.1"
    react-is "^16.13.1"

react-is@^16.13.1:
  version "16.13.1"
  resolved "https://registry.yarnpkg.com/react-is/-/react-is-16.13.1.tgz#789729a4dc36de2999dc156dd6c1d9c18cea56a4"
  integrity sha512-24e6ynE2H+OKt4kqsOvNd8kBpV65zoxbA4BVsEOB3ARVWQki/DHzaUoC5KuON/BiccDaCCTZBuOcfZs70kR8bQ==

react-to-print@^2.14.13:
  version "2.14.13"
  resolved "https://registry.yarnpkg.com/react-to-print/-/react-to-print-2.14.13.tgz#cd0349f7ef93c8af5120fac0ef6c4f3d100df490"
  integrity sha512-PqUGgTRZvkyBzWgaZHVBECWPX2nGEc3HOUy6WNXof6HT4yTFI92wtIkqQtr4jfvHbadqjwTgzgh6vgN8KXlWWw==

union-class-names@^1.0.0:
  version "1.0.0"
  resolved "https://registry.yarnpkg.com/union-class-names/-/union-class-names-1.0.0.tgz#9259608adacc39094a2b0cfe16c78e6200617847"
  integrity sha512-u7qYld8H+xWZZvb1Y8BhkD0fVmY+ytlm1skpdeYb6+DrSn8jrOC8zY3KMfmkcO3Mdwu/+CyiZrXXpQy0Up+SUA==
